
Microsoft Visual Studio Solution File, Format Version 12.00
# Visual Studio 2012
Project("{FAE04EC0-301F-11D3-BF4B-00C04F79EFBC}") = "UnityVS.Dota.CSharp.Plugins", "UnityVS.Dota.CSharp.Plugins.csproj", "{0E154891-080F-FAD4-0D6E-F6FD2F6AE99A}"
EndProject
Project("{FAE04EC0-301F-11D3-BF4B-00C04F79EFBC}") = "UnityVS.Dota.CSharp", "UnityVS.Dota.CSharp.csproj", "{9C8510A4-CB60-9774-2DF9-BBAAA5362888}"
EndProject
Project("{FAE04EC0-301F-11D3-BF4B-00C04F79EFBC}") = "UnityVS.Dota.CSharp.Editor", "UnityVS.Dota.CSharp.Editor.csproj", "{E4D656F6-2EAE-4DED-21E5-E08A5064F8A2}"
EndProject
Global
	GlobalSection(SolutionConfigurationPlatforms) = preSolution
		Debug|Any CPU = Debug|Any CPU
		Release|Any CPU = Release|Any CPU
	EndGlobalSection
	GlobalSection(ProjectConfigurationPlatforms) = postSolution
		{0E154891-080F-FAD4-0D6E-F6FD2F6AE99A}.Debug|Any CPU.ActiveCfg = Debug|Any CPU
		{0E154891-080F-FAD4-0D6E-F6FD2F6AE99A}.Debug|Any CPU.Build.0 = Debug|Any CPU
		{0E154891-080F-FAD4-0D6E-F6FD2F6AE99A}.Release|Any CPU.ActiveCfg = Release|Any CPU
		{0E154891-080F-FAD4-0D6E-F6FD2F6AE99A}.Release|Any CPU.Build.0 = Release|Any CPU
		{9C8510A4-CB60-9774-2DF9-BBAAA5362888}.Debug|Any CPU.ActiveCfg = Debug|Any CPU
		{9C8510A4-CB60-9774-2DF9-BBAAA5362888}.Debug|Any CPU.Build.0 = Debug|Any CPU
		{9C8510A4-CB60-9774-2DF9-BBAAA5362888}.Release|Any CPU.ActiveCfg = Release|Any CPU
		{9C8510A4-CB60-9774-2DF9-BBAAA5362888}.Release|Any CPU.Build.0 = Release|Any CPU
		{E4D656F6-2EAE-4DED-21E5-E08A5064F8A2}.Debug|Any CPU.ActiveCfg = Debug|Any CPU
		{E4D656F6-2EAE-4DED-21E5-E08A5064F8A2}.Debug|Any CPU.Build.0 = Debug|Any CPU
		{E4D656F6-2EAE-4DED-21E5-E08A5064F8A2}.Release|Any CPU.ActiveCfg = Release|Any CPU
		{E4D656F6-2EAE-4DED-21E5-E08A5064F8A2}.Release|Any CPU.Build.0 = Release|Any CPU
	EndGlobalSection
	GlobalSection(SolutionProperties) = preSolution
		HideSolutionNode = FALSE
	EndGlobalSection
EndGlobal
